
Microsoft Visual Studio Solution File, Format Version 12.00
# Visual Studio Version 17
VisualStudioVersion = 17.10.35013.160
MinimumVisualStudioVersion = 10.0.40219.1
Project("{FAE04EC0-301F-11D3-BF4B-00C04F79EFBC}") = "CIPlatFormWebApi_v1", "CIPlatFormWebApi_v1\CIPlatFormWebApi_v1.csproj", "{450DD500-9D3F-49E6-8AD6-0028DC0899C9}"
EndProject
Project("{FAE04EC0-301F-11D3-BF4B-00C04F79EFBC}") = "Business_Logic_Layer", "Business_Logic_Layer\Business_Logic_Layer.csproj", "{09C29E78-B85B-4DC5-9F77-F999B4C4E4DD}"
EndProject
Project("{FAE04EC0-301F-11D3-BF4B-00C04F79EFBC}") = "Data_Logic_Layer", "Data_Logic_Layer\Data_Logic_Layer.csproj", "{2C83AB85-86D6-4458-9791-62F647A2E871}"
EndProject
Global
	GlobalSection(SolutionConfigurationPlatforms) = preSolution
		Debug|Any CPU = Debug|Any CPU
		Release|Any CPU = Release|Any CPU
	EndGlobalSection
	GlobalSection(ProjectConfigurationPlatforms) = postSolution
		{450DD500-9D3F-49E6-8AD6-0028DC0899C9}.Debug|Any CPU.ActiveCfg = Debug|Any CPU
		{450DD500-9D3F-49E6-8AD6-0028DC0899C9}.Debug|Any CPU.Build.0 = Debug|Any CPU
		{450DD500-9D3F-49E6-8AD6-0028DC0899C9}.Release|Any CPU.ActiveCfg = Release|Any CPU
		{450DD500-9D3F-49E6-8AD6-0028DC0899C9}.Release|Any CPU.Build.0 = Release|Any CPU
		{09C29E78-B85B-4DC5-9F77-F999B4C4E4DD}.Debug|Any CPU.ActiveCfg = Debug|Any CPU
		{09C29E78-B85B-4DC5-9F77-F999B4C4E4DD}.Debug|Any CPU.Build.0 = Debug|Any CPU
		{09C29E78-B85B-4DC5-9F77-F999B4C4E4DD}.Release|Any CPU.ActiveCfg = Release|Any CPU
		{09C29E78-B85B-4DC5-9F77-F999B4C4E4DD}.Release|Any CPU.Build.0 = Release|Any CPU
		{2C83AB85-86D6-4458-9791-62F647A2E871}.Debug|Any CPU.ActiveCfg = Debug|Any CPU
		{2C83AB85-86D6-4458-9791-62F647A2E871}.Debug|Any CPU.Build.0 = Debug|Any CPU
		{2C83AB85-86D6-4458-9791-62F647A2E871}.Release|Any CPU.ActiveCfg = Release|Any CPU
		{2C83AB85-86D6-4458-9791-62F647A2E871}.Release|Any CPU.Build.0 = Release|Any CPU
	EndGlobalSection
	GlobalSection(SolutionProperties) = preSolution
		HideSolutionNode = FALSE
	EndGlobalSection
	GlobalSection(ExtensibilityGlobals) = postSolution
		SolutionGuid = {B4F75D39-5F28-40BA-A026-811E28EDBC8E}
	EndGlobalSection
EndGlobal
